// !$*UTF8*$!
{
	archiveVersion = 1;
	classes = {
	};
	objectVersion = 77;
	objects = {

/* Begin PBXContainerItemProxy section */
		23EB55D52E337DCA00160283 /* PBXContainerItemProxy */ = {
			isa = PBXContainerItemProxy;
			containerPortal = 23EB55BF2E337DC800160283 /* Project object */;
			proxyType = 1;
			remoteGlobalIDString = 23EB55C62E337DC800160283;
			remoteInfo = Speedfit.AI;
		};
		23EB55DF2E337DCA00160283 /* PBXContainerItemProxy */ = {
			isa = PBXContainerItemProxy;
			containerPortal = 23EB55BF2E337DC800160283 /* Project object */;
			proxyType = 1;
			remoteGlobalIDString = 23EB55C62E337DC800160283;
			remoteInfo = Speedfit.AI;
		};
/* End PBXContainerItemProxy section */

/* Begin PBXFileReference section */
		23EB55C72E337DC800160283 /* Speedfit.AI.app */ = {isa = PBXFileReference; explicitFileType = wrapper.application; includeInIndex = 0; path = Speedfit.AI.app; sourceTree = BUILT_PRODUCTS_DIR; };
		23EB55D42E337DCA00160283 /* Speedfit.AITests.xctest */ = {isa = PBXFileReference; explicitFileType = wrapper.cfbundle; includeInIndex = 0; path = Speedfit.AITests.xctest; sourceTree = BUILT_PRODUCTS_DIR; };
		23EB55DE2E337DCA00160283 /* Speedfit.AIUITests.xctest */ = {isa = PBXFileReference; explicitFileType = wrapper.cfbundle; includeInIndex = 0; path = Speedfit.AIUITests.xctest; sourceTree = BUILT_PRODUCTS_DIR; };
/* End PBXFileReference section */

/* Begin PBXFileSystemSynchronizedBuildFileExceptionSet section */
		23EB56152E3E011F00160283 /* Exceptions for "Speedfit.AI" folder in "Speedfit.AI" target */ = {
			isa = PBXFileSystemSynchronizedBuildFileExceptionSet;
			membershipExceptions = (
				Info.plist.backup,
			);
			target = 23EB55C62E337DC800160283 /* Speedfit.AI */;
		};
/* End PBXFileSystemSynchronizedBuildFileExceptionSet section */

/* Begin PBXFileSystemSynchronizedRootGroup section */
		23EB55C92E337DC800160283 /* Speedfit.AI */ = {
			isa = PBXFileSystemSynchronizedRootGroup;
			exceptions = (
				23EB56152E3E011F00160283 /* Exceptions for "Speedfit.AI" folder in "Speedfit.AI" target */,
			);
			path = Speedfit.AI;
			sourceTree = "<group>";
		};
		23EB55D72E337DCA00160283 /* Speedfit.AITests */ = {
			isa = PBXFileSystemSynchronizedRootGroup;
			path = Speedfit.AITests;
			sourceTree = "<group>";
		};
		23EB55E12E337DCA00160283 /* Speedfit.AIUITests */ = {
			isa = PBXFileSystemSynchronizedRootGroup;
			path = Speedfit.AIUITests;
			sourceTree = "<group>";
		};
/* End PBXFileSystemSynchronizedRootGroup section */

/* Begin PBXFrameworksBuildPhase section */
		23EB55C42E337DC800160283 /* Frameworks */ = {
			isa = PBXFrameworksBuildPhase;
			buildActionMask = 2147483647;
			files = (
			);
			runOnlyForDeploymentPostprocessing = 0;
		};
		23EB55D12E337DCA00160283 /* Frameworks */ = {
			isa = PBXFrameworksBuildPhase;
			buildActionMask = 2147483647;
			files = (
			);
			runOnlyForDeploymentPostprocessing = 0;
		};
		23EB55DB2E337DCA00160283 /* Frameworks */ = {
			isa = PBXFrameworksBuildPhase;
			buildActionMask = 2147483647;
			files = (
			);
			runOnlyForDeploymentPostprocessing = 0;
		};
/* End PBXFrameworksBuildPhase section */

/* Begin PBXGroup section */
		23EB55BE2E337DC800160283 = {
			isa = PBXGroup;
			children = (
				23EB55C92E337DC800160283 /* Speedfit.AI */,
				23EB55D72E337DCA00160283 /* Speedfit.AITests */,
				23EB55E12E337DCA00160283 /* Speedfit.AIUITests */,
				23EB55C82E337DC800160283 /* Products */,
			);
			sourceTree = "<group>";
		};
		23EB55C82E337DC800160283 /* Products */ = {
			isa = PBXGroup;
			children = (
				23EB55C72E337DC800160283 /* Speedfit.AI.app */,
				23EB55D42E337DCA00160283 /* Speedfit.AITests.xctest */,
				23EB55DE2E337DCA00160283 /* Speedfit.AIUITests.xctest */,
			);
			name = Products;
			sourceTree = "<group>";
		};
/* End PBXGroup section */

/* Begin PBXNativeTarget section */
		23EB55C62E337DC800160283 /* Speedfit.AI */ = {
			isa = PBXNativeTarget;
			buildConfigurationList = 23EB55E82E337DCA00160283 /* Build configuration list for PBXNativeTarget "Speedfit.AI" */;
			buildPhases = (
				23EB55C32E337DC800160283 /* Sources */,
				23EB55C42E337DC800160283 /* Frameworks */,
				23EB55C52E337DC800160283 /* Resources */,
			);
			buildRules = (
			);
			dependencies = (
			);
			fileSystemSynchronizedGroups = (
				23EB55C92E337DC800160283 /* Speedfit.AI */,
			);
			name = Speedfit.AI;
			packageProductDependencies = (
			);
			productName = Speedfit.AI;
			productReference = 23EB55C72E337DC800160283 /* Speedfit.AI.app */;
			productType = "com.apple.product-type.application";
		};
		23EB55D32E337DCA00160283 /* Speedfit.AITests */ = {
			isa = PBXNativeTarget;
			buildConfigurationList = 23EB55EB2E337DCA00160283 /* Build configuration list for PBXNativeTarget "Speedfit.AITests" */;
			buildPhases = (
				23EB55D02E337DCA00160283 /* Sources */,
				23EB55D12E337DCA00160283 /* Frameworks */,
				23EB55D22E337DCA00160283 /* Resources */,
			);
			buildRules = (
			);
			dependencies = (
				23EB55D62E337DCA00160283 /* PBXTargetDependency */,
			);
			fileSystemSynchronizedGroups = (
				23EB55D72E337DCA00160283 /* Speedfit.AITests */,
			);
			name = Speedfit.AITests;
			packageProductDependencies = (
			);
			productName = Speedfit.AITests;
			productReference = 23EB55D42E337DCA00160283 /* Speedfit.AITests.xctest */;
			productType = "com.apple.product-type.bundle.unit-test";
		};
		23EB55DD2E337DCA00160283 /* Speedfit.AIUITests */ = {
			isa = PBXNativeTarget;
			buildConfigurationList = 23EB55EE2E337DCA00160283 /* Build configuration list for PBXNativeTarget "Speedfit.AIUITests" */;
			buildPhases = (
				23EB55DA2E337DCA00160283 /* Sources */,
				23EB55DB2E337DCA00160283 /* Frameworks */,
				23EB55DC2E337DCA00160283 /* Resources */,
			);
			buildRules = (
			);
			dependencies = (
				23EB55E02E337DCA00160283 /* PBXTargetDependency */,
			);
			fileSystemSynchronizedGroups = (
				23EB55E12E337DCA00160283 /* Speedfit.AIUITests */,
			);
			name = Speedfit.AIUITests;
			packageProductDependencies = (
			);
			productName = Speedfit.AIUITests;
			productReference = 23EB55DE2E337DCA00160283 /* Speedfit.AIUITests.xctest */;
			productType = "com.apple.product-type.bundle.ui-testing";
		};
/* End PBXNativeTarget section */

/* Begin PBXProject section */
		23EB55BF2E337DC800160283 /* Project object */ = {
			isa = PBXProject;
			attributes = {
				BuildIndependentTargetsInParallel = 1;
				LastSwiftUpdateCheck = 1640;
				LastUpgradeCheck = 1640;
				TargetAttributes = {
					23EB55C62E337DC800160283 = {
						CreatedOnToolsVersion = 16.4;
					};
					23EB55D32E337DCA00160283 = {
						CreatedOnToolsVersion = 16.4;
						TestTargetID = 23EB55C62E337DC800160283;
					};
					23EB55DD2E337DCA00160283 = {
						CreatedOnToolsVersion = 16.4;
						TestTargetID = 23EB55C62E337DC800160283;
					};
				};
			};
			buildConfigurationList = 23EB55C22E337DC800160283 /* Build configuration list for PBXProject "Speedfit.AI" */;
			developmentRegion = en;
			hasScannedForEncodings = 0;
			knownRegions = (
				en,
				Base,
			);
			mainGroup = 23EB55BE2E337DC800160283;
			minimizedProjectReferenceProxies = 1;
			preferredProjectObjectVersion = 77;
			productRefGroup = 23EB55C82E337DC800160283 /* Products */;
			projectDirPath = "";
			projectRoot = "";
			targets = (
				23EB55C62E337DC800160283 /* Speedfit.AI */,
				23EB55D32E337DCA00160283 /* Speedfit.AITests */,
				23EB55DD2E337DCA00160283 /* Speedfit.AIUITests */,
			);
		};
/* End PBXProject section */

/* Begin PBXResourcesBuildPhase section */
		23EB55C52E337DC800160283 /* Resources */ = {
			isa = PBXResourcesBuildPhase;
			buildActionMask = 2147483647;
			files = (
			);
			runOnlyForDeploymentPostprocessing = 0;
		};
		23EB55D22E337DCA00160283 /* Resources */ = {
			isa = PBXResourcesBuildPhase;
			buildActionMask = 2147483647;
			files = (
			);
			runOnlyForDeploymentPostprocessing = 0;
		};
		23EB55DC2E337DCA00160283 /* Resources */ = {
			isa = PBXResourcesBuildPhase;
			buildActionMask = 2147483647;
			files = (
			);
			runOnlyForDeploymentPostprocessing = 0;
		};
/* End PBXResourcesBuildPhase section */

/* Begin PBXSourcesBuildPhase section */
		23EB55C32E337DC800160283 /* Sources */ = {
			isa = PBXSourcesBuildPhase;
			buildActionMask = 2147483647;
			files = (
			);
			runOnlyForDeploymentPostprocessing = 0;
		};
		23EB55D02E337DCA00160283 /* Sources */ = {
			isa = PBXSourcesBuildPhase;
			buildActionMask = 2147483647;
			files = (
			);
			runOnlyForDeploymentPostprocessing = 0;
		};
		23EB55DA2E337DCA00160283 /* Sources */ = {
			isa = PBXSourcesBuildPhase;
			buildActionMask = 2147483647;
			files = (
			);
			runOnlyForDeploymentPostprocessing = 0;
		};
/* End PBXSourcesBuildPhase section */

/* Begin PBXTargetDependency section */
		23EB55D62E337DCA00160283 /* PBXTargetDependency */ = {
			isa = PBXTargetDependency;
			target = 23EB55C62E337DC800160283 /* Speedfit.AI */;
			targetProxy = 23EB55D52E337DCA00160283 /* PBXContainerItemProxy */;
		};
		23EB55E02E337DCA00160283 /* PBXTargetDependency */ = {
			isa = PBXTargetDependency;
			target = 23EB55C62E337DC800160283 /* Speedfit.AI */;
			targetProxy = 23EB55DF2E337DCA00160283 /* PBXContainerItemProxy */;
		};
/* End PBXTargetDependency section */

/* Begin XCBuildConfiguration section */
		23EB55E62E337DCA00160283 /* Debug */ = {
			isa = XCBuildConfiguration;
			buildSettings = {
				ALWAYS_SEARCH_USER_PATHS = NO;
				ASSETCATALOG_COMPILER_GENERATE_SWIFT_ASSET_SYMBOL_EXTENSIONS = YES;
				CLANG_ANALYZER_NONNULL = YES;
				CLANG_ANALYZER_NUMBER_OBJECT_CONVERSION = YES_AGGRESSIVE;
				CLANG_CXX_LANGUAGE_STANDARD = "gnu++20";
				CLANG_ENABLE_MODULES = YES;
				CLANG_ENABLE_OBJC_ARC = YES;
				CLANG_ENABLE_OBJC_WEAK = YES;
				CLANG_WARN_BLOCK_CAPTURE_AUTORELEASING = YES;
				CLANG_WARN_BOOL_CONVERSION = YES;
				CLANG_WARN_COMMA = YES;
				CLANG_WARN_CONSTANT_CONVERSION = YES;
				CLANG_WARN_DEPRECATED_OBJC_IMPLEMENTATIONS = YES;
				CLANG_WARN_DIRECT_OBJC_ISA_USAGE = YES_ERROR;
				CLANG_WARN_DOCUMENTATION_COMMENTS = YES;
				CLANG_WARN_EMPTY_BODY = YES;
				CLANG_WARN_ENUM_CONVERSION = YES;
				CLANG_WARN_INFINITE_RECURSION = YES;
				CLANG_WARN_INT_CONVERSION = YES;
				CLANG_WARN_NON_LITERAL_NULL_CONVERSION = YES;
				CLANG_WARN_OBJC_IMPLICIT_RETAIN_SELF = YES;
				CLANG_WARN_OBJC_LITERAL_CONVERSION = YES;
				CLANG_WARN_OBJC_ROOT_CLASS = YES_ERROR;
				CLANG_WARN_QUOTED_INCLUDE_IN_FRAMEWORK_HEADER = YES;
				CLANG_WARN_RANGE_LOOP_ANALYSIS = YES;
				CLANG_WARN_STRICT_PROTOTYPES = YES;
				CLANG_WARN_SUSPICIOUS_MOVE = YES;
				CLANG_WARN_UNGUARDED_AVAILABILITY = YES_AGGRESSIVE;
				CLANG_WARN_UNREACHABLE_CODE = YES;
				CLANG_WARN__DUPLICATE_METHOD_MATCH = YES;
				COPY_PHASE_STRIP = NO;
				DEBUG_INFORMATION_FORMAT = dwarf;
				ENABLE_STRICT_OBJC_MSGSEND = YES;
				ENABLE_TESTABILITY = YES;
				ENABLE_USER_SCRIPT_SANDBOXING = YES;
				GCC_C_LANGUAGE_STANDARD = gnu17;
				GCC_DYNAMIC_NO_PIC = NO;
				GCC_NO_COMMON_BLOCKS = YES;
				GCC_OPTIMIZATION_LEVEL = 0;
				GCC_PREPROCESSOR_DEFINITIONS = (
					"DEBUG=1",
					"$(inherited)",
				);
				GCC_WARN_64_TO_32_BIT_CONVERSION = YES;
				GCC_WARN_ABOUT_RETURN_TYPE = YES_ERROR;
				GCC_WARN_UNDECLARED_SELECTOR = YES;
				GCC_WARN_UNINITIALIZED_AUTOS = YES_AGGRESSIVE;
				GCC_WARN_UNUSED_FUNCTION = YES;
				GCC_WARN_UNUSED_VARIABLE = YES;
				INFOPLIST_FILE = Speedfit.AI/Info.plist;
				IPHONEOS_DEPLOYMENT_TARGET = 18.5;
				LOCALIZATION_PREFERS_STRING_CATALOGS = YES;
				MTL_ENABLE_DEBUG_INFO = INCLUDE_SOURCE;
				MTL_FAST_MATH = YES;
				ONLY_ACTIVE_ARCH = YES;
				SDKROOT = iphoneos;
				SWIFT_ACTIVE_COMPILATION_CONDITIONS = "DEBUG $(inherited)";
				SWIFT_OPTIMIZATION_LEVEL = "-Onone";
			};
			name = Debug;
		};
		23EB55E72E337DCA00160283 /* Release */ = {
			isa = XCBuildConfiguration;
			buildSettings = {
				ALWAYS_SEARCH_USER_PATHS = NO;
				ASSETCATALOG_COMPILER_GENERATE_SWIFT_ASSET_SYMBOL_EXTENSIONS = YES;
				CLANG_ANALYZER_NONNULL = YES;
				CLANG_ANALYZER_NUMBER_OBJECT_CONVERSION = YES_AGGRESSIVE;
				CLANG_CXX_LANGUAGE_STANDARD = "gnu++20";
				CLANG_ENABLE_MODULES = YES;
				CLANG_ENABLE_OBJC_ARC = YES;
				CLANG_ENABLE_OBJC_WEAK = YES;
				CLANG_WARN_BLOCK_CAPTURE_AUTORELEASING = YES;
				CLANG_WARN_BOOL_CONVERSION = YES;
				CLANG_WARN_COMMA = YES;
				CLANG_WARN_CONSTANT_CONVERSION = YES;
				CLANG_WARN_DEPRECATED_OBJC_IMPLEMENTATIONS = YES;
				CLANG_WARN_DIRECT_OBJC_ISA_USAGE = YES_ERROR;
				CLANG_WARN_DOCUMENTATION_COMMENTS = YES;
				CLANG_WARN_EMPTY_BODY = YES;
				CLANG_WARN_ENUM_CONVERSION = YES;
				CLANG_WARN_INFINITE_RECURSION = YES;
				CLANG_WARN_INT_CONVERSION = YES;
				CLANG_WARN_NON_LITERAL_NULL_CONVERSION = YES;
				CLANG_WARN_OBJC_IMPLICIT_RETAIN_SELF = YES;
				CLANG_WARN_OBJC_LITERAL_CONVERSION = YES;
				CLANG_WARN_OBJC_ROOT_CLASS = YES_ERROR;
				CLANG_WARN_QUOTED_INCLUDE_IN_FRAMEWORK_HEADER = YES;
				CLANG_WARN_RANGE_LOOP_ANALYSIS = YES;
				CLANG_WARN_STRICT_PROTOTYPES = YES;
				CLANG_WARN_SUSPICIOUS_MOVE = YES;
				CLANG_WARN_UNGUARDED_AVAILABILITY = YES_AGGRESSIVE;
				CLANG_WARN_UNREACHABLE_CODE = YES;
				CLANG_WARN__DUPLICATE_METHOD_MATCH = YES;
				COPY_PHASE_STRIP = NO;
				DEBUG_INFORMATION_FORMAT = "dwarf-with-dsym";
				ENABLE_NS_ASSERTIONS = NO;
				ENABLE_STRICT_OBJC_MSGSEND = YES;
				ENABLE_USER_SCRIPT_SANDBOXING = YES;
				GCC_C_LANGUAGE_STANDARD = gnu17;
				GCC_NO_COMMON_BLOCKS = YES;
				GCC_WARN_64_TO_32_BIT_CONVERSION = YES;
				GCC_WARN_ABOUT_RETURN_TYPE = YES_ERROR;
				GCC_WARN_UNDECLARED_SELECTOR = YES;
				GCC_WARN_UNINITIALIZED_AUTOS = YES_AGGRESSIVE;
				GCC_WARN_UNUSED_FUNCTION = YES;
				GCC_WARN_UNUSED_VARIABLE = YES;
				INFOPLIST_FILE = Speedfit.AI/Info.plist;
				IPHONEOS_DEPLOYMENT_TARGET = 18.5;
				LOCALIZATION_PREFERS_STRING_CATALOGS = YES;
				MTL_ENABLE_DEBUG_INFO = NO;
				MTL_FAST_MATH = YES;
				SDKROOT = iphoneos;
				SWIFT_COMPILATION_MODE = wholemodule;
				VALIDATE_PRODUCT = YES;
			};
			name = Release;
		};
		23EB55E92E337DCA00160283 /* Debug */ = {
			isa = XCBuildConfiguration;
			buildSettings = {
				ASSETCATALOG_COMPILER_APPICON_NAME = AppIcon;
				ASSETCATALOG_COMPILER_GLOBAL_ACCENT_COLOR_NAME = AccentColor;
				CODE_SIGN_STYLE = Automatic;
				CURRENT_PROJECT_VERSION = 1;
				DEVELOPMENT_TEAM = S52CK84776;
				ENABLE_PREVIEWS = YES;
				GENERATE_INFOPLIST_FILE = YES;
				INFOPLIST_FILE = "";
				INFOPLIST_KEY_NSPhotoLibraryAddUsageDescription = "\"This app needs permission to save processed videos\"";
				INFOPLIST_KEY_NSPhotoLibraryUsageDescription = "\"This app needs access to select videos for lift analysis\"";
				INFOPLIST_KEY_UIApplicationSceneManifest_Generation = YES;
				INFOPLIST_KEY_UIApplicationSupportsIndirectInputEvents = YES;
				INFOPLIST_KEY_UILaunchScreen_Generation = YES;
				INFOPLIST_KEY_UISupportedInterfaceOrientations_iPad = "UIInterfaceOrientationPortrait UIInterfaceOrientationPortraitUpsideDown UIInterfaceOrientationLandscapeLeft UIInterfaceOrientationLandscapeRight";
				INFOPLIST_KEY_UISupportedInterfaceOrientations_iPhone = "UIInterfaceOrientationPortrait UIInterfaceOrientationLandscapeLeft UIInterfaceOrientationLandscapeRight";
				LD_RUNPATH_SEARCH_PATHS = (
					"$(inherited)",
					"@executable_path/Frameworks",
				);
				MARKETING_VERSION = 1.0;
				PRODUCT_BUNDLE_IDENTIFIER = "cj.co.Speedfit-AI";
				PRODUCT_NAME = "$(TARGET_NAME)";
				SWIFT_EMIT_LOC_STRINGS = YES;
				SWIFT_VERSION = 5.0;
				TARGETED_DEVICE_FAMILY = "1,2";
			};
			name = Debug;
		};
		23EB55EA2E337DCA00160283 /* Release */ = {
			isa = XCBuildConfiguration;
			buildSettings = {
				ASSETCATALOG_COMPILER_APPICON_NAME = AppIcon;
				ASSETCATALOG_COMPILER_GLOBAL_ACCENT_COLOR_NAME = AccentColor;
				CODE_SIGN_STYLE = Automatic;
				CURRENT_PROJECT_VERSION = 1;
				DEVELOPMENT_TEAM = S52CK84776;
				ENABLE_PREVIEWS = YES;
				GENERATE_INFOPLIST_FILE = YES;
				INFOPLIST_FILE = "";
				INFOPLIST_KEY_NSPhotoLibraryAddUsageDescription = "\"This app needs permission to save processed videos\"";
				INFOPLIST_KEY_NSPhotoLibraryUsageDescription = "\"This app needs access to select videos for lift analysis\"";
				INFOPLIST_KEY_UIApplicationSceneManifest_Generation = YES;
				INFOPLIST_KEY_UIApplicationSupportsIndirectInputEvents = YES;
				INFOPLIST_KEY_UILaunchScreen_Generation = YES;
				INFOPLIST_KEY_UISupportedInterfaceOrientations_iPad = "UIInterfaceOrientationPortrait UIInterfaceOrientationPortraitUpsideDown UIInterfaceOrientationLandscapeLeft UIInterfaceOrientationLandscapeRight";
				INFOPLIST_KEY_UISupportedInterfaceOrientations_iPhone = "UIInterfaceOrientationPortrait UIInterfaceOrientationLandscapeLeft UIInterfaceOrientationLandscapeRight";
				LD_RUNPATH_SEARCH_PATHS = (
					"$(inherited)",
					"@executable_path/Frameworks",
				);
				MARKETING_VERSION = 1.0;
				PRODUCT_BUNDLE_IDENTIFIER = "cj.co.Speedfit-AI";
				PRODUCT_NAME = "$(TARGET_NAME)";
				SWIFT_EMIT_LOC_STRINGS = YES;
				SWIFT_VERSION = 5.0;
				TARGETED_DEVICE_FAMILY = "1,2";
			};
			name = Release;
		};
		23EB55EC2E337DCA00160283 /* Debug */ = {
			isa = XCBuildConfiguration;
			buildSettings = {
				BUNDLE_LOADER = "$(TEST_HOST)";
				CODE_SIGN_STYLE = Automatic;
				CURRENT_PROJECT_VERSION = 1;
				GENERATE_INFOPLIST_FILE = YES;
				INFOPLIST_FILE = "";
				IPHONEOS_DEPLOYMENT_TARGET = 18.5;
				MARKETING_VERSION = 1.0;
				PRODUCT_BUNDLE_IDENTIFIER = "cj.co.Speedfit-AITests";
				PRODUCT_NAME = "$(TARGET_NAME)";
				SWIFT_EMIT_LOC_STRINGS = NO;
				SWIFT_VERSION = 5.0;
				TARGETED_DEVICE_FAMILY = "1,2";
				TEST_HOST = "$(BUILT_PRODUCTS_DIR)/Speedfit.AI.app/$(BUNDLE_EXECUTABLE_FOLDER_PATH)/Speedfit.AI";
			};
			name = Debug;
		};
		23EB55ED2E337DCA00160283 /* Release */ = {
			isa = XCBuildConfiguration;
			buildSettings = {
				BUNDLE_LOADER = "$(TEST_HOST)";
				CODE_SIGN_STYLE = Automatic;
				CURRENT_PROJECT_VERSION = 1;
				GENERATE_INFOPLIST_FILE = YES;
				INFOPLIST_FILE = "";
				IPHONEOS_DEPLOYMENT_TARGET = 18.5;
				MARKETING_VERSION = 1.0;
				PRODUCT_BUNDLE_IDENTIFIER = "cj.co.Speedfit-AITests";
				PRODUCT_NAME = "$(TARGET_NAME)";
				SWIFT_EMIT_LOC_STRINGS = NO;
				SWIFT_VERSION = 5.0;
				TARGETED_DEVICE_FAMILY = "1,2";
				TEST_HOST = "$(BUILT_PRODUCTS_DIR)/Speedfit.AI.app/$(BUNDLE_EXECUTABLE_FOLDER_PATH)/Speedfit.AI";
			};
			name = Release;
		};
		23EB55EF2E337DCA00160283 /* Debug */ = {
			isa = XCBuildConfiguration;
			buildSettings = {
				CODE_SIGN_STYLE = Automatic;
				CURRENT_PROJECT_VERSION = 1;
				GENERATE_INFOPLIST_FILE = YES;
				INFOPLIST_FILE = "";
				MARKETING_VERSION = 1.0;
				PRODUCT_BUNDLE_IDENTIFIER = "cj.co.Speedfit-AIUITests";
				PRODUCT_NAME = "$(TARGET_NAME)";
				SWIFT_EMIT_LOC_STRINGS = NO;
				SWIFT_VERSION = 5.0;
				TARGETED_DEVICE_FAMILY = "1,2";
				TEST_TARGET_NAME = Speedfit.AI;
			};
			name = Debug;
		};
		23EB55F02E337DCA00160283 /* Release */ = {
			isa = XCBuildConfiguration;
			buildSettings = {
				CODE_SIGN_STYLE = Automatic;
				CURRENT_PROJECT_VERSION = 1;
				GENERATE_INFOPLIST_FILE = YES;
				INFOPLIST_FILE = "";
				MARKETING_VERSION = 1.0;
				PRODUCT_BUNDLE_IDENTIFIER = "cj.co.Speedfit-AIUITests";
				PRODUCT_NAME = "$(TARGET_NAME)";
				SWIFT_EMIT_LOC_STRINGS = NO;
				SWIFT_VERSION = 5.0;
				TARGETED_DEVICE_FAMILY = "1,2";
				TEST_TARGET_NAME = Speedfit.AI;
			};
			name = Release;
		};
/* End XCBuildConfiguration section */

/* Begin XCConfigurationList section */
		23EB55C22E337DC800160283 /* Build configuration list for PBXProject "Speedfit.AI" */ = {
			isa = XCConfigurationList;
			buildConfigurations = (
				23EB55E62E337DCA00160283 /* Debug */,
				23EB55E72E337DCA00160283 /* Release */,
			);
			defaultConfigurationIsVisible = 0;
			defaultConfigurationName = Release;
		};
		23EB55E82E337DCA00160283 /* Build configuration list for PBXNativeTarget "Speedfit.AI" */ = {
			isa = XCConfigurationList;
			buildConfigurations = (
				23EB55E92E337DCA00160283 /* Debug */,
				23EB55EA2E337DCA00160283 /* Release */,
			);
			defaultConfigurationIsVisible = 0;
			defaultConfigurationName = Release;
		};
		23EB55EB2E337DCA00160283 /* Build configuration list for PBXNativeTarget "Speedfit.AITests" */ = {
			isa = XCConfigurationList;
			buildConfigurations = (
				23EB55EC2E337DCA00160283 /* Debug */,
				23EB55ED2E337DCA00160283 /* Release */,
			);
			defaultConfigurationIsVisible = 0;
			defaultConfigurationName = Release;
		};
		23EB55EE2E337DCA00160283 /* Build configuration list for PBXNativeTarget "Speedfit.AIUITests" */ = {
			isa = XCConfigurationList;
			buildConfigurations = (
				23EB55EF2E337DCA00160283 /* Debug */,
				23EB55F02E337DCA00160283 /* Release */,
			);
			defaultConfigurationIsVisible = 0;
			defaultConfigurationName = Release;
		};
/* End XCConfigurationList section */
	};
	rootObject = 23EB55BF2E337DC800160283 /* Project object */;
}
